
Microsoft Visual Studio Solution File, Format Version 12.00
# Visual Studio 15
VisualStudioVersion = 15.0.28010.2003
MinimumVisualStudioVersion = 10.0.40219.1
Project("{FAE04EC0-301F-11D3-BF4B-00C04F79EFBC}") = "BD.WebAPI", "fontes\BD.WebAPI\BD.WebAPI.csproj", "{860254AA-15DB-4595-B599-EEF10FA2E893}"
EndProject
Project("{FAE04EC0-301F-11D3-BF4B-00C04F79EFBC}") = "BD.Domain", "fontes\BD.Domain\BD.Domain.csproj", "{33AE260C-9CC7-45BA-8227-61090A2231D9}"
EndProject
Project("{FAE04EC0-301F-11D3-BF4B-00C04F79EFBC}") = "BD.Infra", "fontes\BD.Infra\BD.Infra.csproj", "{AE97A277-6A04-497C-9BE2-CD10E9593ECD}"
EndProject
Project("{FAE04EC0-301F-11D3-BF4B-00C04F79EFBC}") = "BD.DI", "fontes\BD.DI\BD.DI.csproj", "{2B453F1D-5DC1-4C8C-B5B2-5F4EEA3FEB4E}"
EndProject
Project("{FAE04EC0-301F-11D3-BF4B-00C04F79EFBC}") = "Uol.PagSeguro", "Lib\pagseguro-sdk-dotnet-master\source\Uol.PagSeguro\Uol.PagSeguro.csproj", "{BABC5658-6AFD-4F8E-81F1-434553663D99}"
EndProject
Global
	GlobalSection(SolutionConfigurationPlatforms) = preSolution
		Debug|Any CPU = Debug|Any CPU
		Release|Any CPU = Release|Any CPU
	EndGlobalSection
	GlobalSection(ProjectConfigurationPlatforms) = postSolution
		{860254AA-15DB-4595-B599-EEF10FA2E893}.Debug|Any CPU.ActiveCfg = Debug|Any CPU
		{860254AA-15DB-4595-B599-EEF10FA2E893}.Debug|Any CPU.Build.0 = Debug|Any CPU
		{860254AA-15DB-4595-B599-EEF10FA2E893}.Release|Any CPU.ActiveCfg = Release|Any CPU
		{860254AA-15DB-4595-B599-EEF10FA2E893}.Release|Any CPU.Build.0 = Release|Any CPU
		{33AE260C-9CC7-45BA-8227-61090A2231D9}.Debug|Any CPU.ActiveCfg = Debug|Any CPU
		{33AE260C-9CC7-45BA-8227-61090A2231D9}.Debug|Any CPU.Build.0 = Debug|Any CPU
		{33AE260C-9CC7-45BA-8227-61090A2231D9}.Release|Any CPU.ActiveCfg = Release|Any CPU
		{33AE260C-9CC7-45BA-8227-61090A2231D9}.Release|Any CPU.Build.0 = Release|Any CPU
		{AE97A277-6A04-497C-9BE2-CD10E9593ECD}.Debug|Any CPU.ActiveCfg = Debug|Any CPU
		{AE97A277-6A04-497C-9BE2-CD10E9593ECD}.Debug|Any CPU.Build.0 = Debug|Any CPU
		{AE97A277-6A04-497C-9BE2-CD10E9593ECD}.Release|Any CPU.ActiveCfg = Release|Any CPU
		{AE97A277-6A04-497C-9BE2-CD10E9593ECD}.Release|Any CPU.Build.0 = Release|Any CPU
		{2B453F1D-5DC1-4C8C-B5B2-5F4EEA3FEB4E}.Debug|Any CPU.ActiveCfg = Debug|Any CPU
		{2B453F1D-5DC1-4C8C-B5B2-5F4EEA3FEB4E}.Debug|Any CPU.Build.0 = Debug|Any CPU
		{2B453F1D-5DC1-4C8C-B5B2-5F4EEA3FEB4E}.Release|Any CPU.ActiveCfg = Release|Any CPU
		{2B453F1D-5DC1-4C8C-B5B2-5F4EEA3FEB4E}.Release|Any CPU.Build.0 = Release|Any CPU
		{BABC5658-6AFD-4F8E-81F1-434553663D99}.Debug|Any CPU.ActiveCfg = Debug|Any CPU
		{BABC5658-6AFD-4F8E-81F1-434553663D99}.Debug|Any CPU.Build.0 = Debug|Any CPU
		{BABC5658-6AFD-4F8E-81F1-434553663D99}.Release|Any CPU.ActiveCfg = Release|Any CPU
		{BABC5658-6AFD-4F8E-81F1-434553663D99}.Release|Any CPU.Build.0 = Release|Any CPU
	EndGlobalSection
	GlobalSection(SolutionProperties) = preSolution
		HideSolutionNode = FALSE
	EndGlobalSection
	GlobalSection(ExtensibilityGlobals) = postSolution
		SolutionGuid = {1C29AAC2-D703-4932-A285-49100C521AED}
	EndGlobalSection
EndGlobal
